
Microsoft Visual Studio Solution File, Format Version 12.00
# Visual Studio Version 16
VisualStudioVersion = 16.0.30804.86
MinimumVisualStudioVersion = 10.0.40219.1
Project("{FAE04EC0-301F-11D3-BF4B-00C04F79EFBC}") = "Tyson.Newton.Library", "Tyson.Newton.Library\Tyson.Newton.Library.csproj", "{79BFEF87-BFE4-424B-A5AD-9C3D1676A042}"
EndProject
Project("{FAE04EC0-301F-11D3-BF4B-00C04F79EFBC}") = "Tyson.Newton.LibraryTests", "Tyson.Newton.LibraryTests\Tyson.Newton.LibraryTests.csproj", "{421E8CFA-5F51-4406-835C-EDDE3A2DBE60}"
EndProject
Global
	GlobalSection(SolutionConfigurationPlatforms) = preSolution
		Debug|Any CPU = Debug|Any CPU
		Release|Any CPU = Release|Any CPU
	EndGlobalSection
	GlobalSection(ProjectConfigurationPlatforms) = postSolution
		{79BFEF87-BFE4-424B-A5AD-9C3D1676A042}.Debug|Any CPU.ActiveCfg = Debug|Any CPU
		{79BFEF87-BFE4-424B-A5AD-9C3D1676A042}.Debug|Any CPU.Build.0 = Debug|Any CPU
		{79BFEF87-BFE4-424B-A5AD-9C3D1676A042}.Release|Any CPU.ActiveCfg = Release|Any CPU
		{79BFEF87-BFE4-424B-A5AD-9C3D1676A042}.Release|Any CPU.Build.0 = Release|Any CPU
		{421E8CFA-5F51-4406-835C-EDDE3A2DBE60}.Debug|Any CPU.ActiveCfg = Debug|Any CPU
		{421E8CFA-5F51-4406-835C-EDDE3A2DBE60}.Debug|Any CPU.Build.0 = Debug|Any CPU
		{421E8CFA-5F51-4406-835C-EDDE3A2DBE60}.Release|Any CPU.ActiveCfg = Release|Any CPU
		{421E8CFA-5F51-4406-835C-EDDE3A2DBE60}.Release|Any CPU.Build.0 = Release|Any CPU
	EndGlobalSection
	GlobalSection(SolutionProperties) = preSolution
		HideSolutionNode = FALSE
	EndGlobalSection
	GlobalSection(ExtensibilityGlobals) = postSolution
		SolutionGuid = {4DA97B56-E6EB-4535-B551-3340F42E760B}
	EndGlobalSection
EndGlobal
